# This file is automatically @generated by Cargo.
# It is not intended for manual editing.
version = 4

[[package]]
name = "areia"
version = "1.0.0"
source = "git+https://github.com/xqhare/areia#32f0ab3f7adc21b69590f8692c3b79197706e961"

[[package]]
name = "athena"
version = "1.1.0"
source = "git+https://github.com/xqhare/athena#671ebcddd50c5d54f88f57a4cf4d1cbeea493ccd"
dependencies = [
 "libc",
]

[[package]]
name = "hades"
version = "1.0.0"
source = "git+https://github.com/xqhare/hades#a4dcfd13de7582590aec2b34224ff16821b5ff36"
dependencies = [
 "libc",
]

[[package]]
name = "horae"
version = "1.1.1"
source = "git+https://github.com/xqhare/horae#3e45c62686111087a380f891d41310f210abbd87"

[[package]]
name = "lasa"
version = "0.1.0"
dependencies = [
 "areia",
 "athena",
 "hades",
 "horae",
 "mawu",
 "nabu",
]

[[package]]
name = "libc"
version = "0.2.183"
source = "registry+https://github.com/rust-lang/crates.io-index"
checksum = "b5b646652bf6661599e1da8901b3b9522896f01e736bad5f723fe7a3a27f899d"

[[package]]
name = "mawu"
version = "1.0.0"
source = "git+https://github.com/xqhare/mawu#92698e4790405fb5a9832a8c6ce58736f7ca912d"
dependencies = [
 "athena",
]

[[package]]
name = "nabu"
version = "3.0.0"
source = "git+https://github.com/xqhare/nabu#6b081279e79fb8dc2527c29f8225dc8b0e301630"
dependencies = [
 "athena",
]
